{
  "name": "10-nodemailer",
  "version": "1.0.0",
  "lockfileVersion": 3,
  "requires": true,
  "packages": {
    "": {
      "name": "10-nodemailer",
      "version": "1.0.0",
      "license": "ISC",
      "dependencies": {
        "dotenv": "^18.0.7",
        "nodemailer": "^10.1.0"
      }
    },
    "node_modules/dotenv": {
      "version": "18.0.7",
      "resolved": "https://registry.npmjs.org/dotenv/-/dotenv-18.0.7.tgz",
      "integrity": "sha512-QEvMEF8ca3GNZJJnAbOgxpj5ULhBvnMcURp+XKrtvqFNPgjBvYoswQ0Jl2cO7JzCjxZjJhr9ZuIEhlrRxMft/Q==",
      "license": "BSD-2-Clause",
      "bin": {
        "dotenv": "dist/index.cjs"
      },
      "engines": {
        "node": ">=12"
      },
      "funding": {
        "url": "https://dotenvx.com"
      }
    },
    "node_modules/nodemailer": {
      "version": "10.1.0",
      "resolved": "https://registry.npmjs.org/nodemailer/-/nodemailer-10.1.0.tgz",
      "integrity": "sha512-fXW8AulB25aOTuwfRYV6lqHyfz2VM4rr4SGXH03mE7x5znEUpzL5mu6anARUpZN7744Ziwkmr4AxSLPJsBQspg==",
      "license": "MIT-0",
      "engines": {
        "node": ">=20.0.0"
      }
    }
  }
}
